
Microsoft Visual Studio Solution File, Format Version 12.00
# Visual Studio 15
Project("{FAE04EC0-301F-11D3-BF4B-00C04F79EFBC}") = "TestCase", "TestCase.csproj", "{581FBB76-174B-4037-B13F-6DB3A09CB8CC}"
EndProject
Global
	GlobalSection(SolutionConfigurationPlatforms) = preSolution
		Debug|Any CPU = Debug|Any CPU
		Release|Any CPU = Release|Any CPU
	EndGlobalSection
	GlobalSection(ProjectConfigurationPlatforms) = postSolution
		{581FBB76-174B-4037-B13F-6DB3A09CB8CC}.Debug|Any CPU.ActiveCfg = Debug|Any CPU
		{581FBB76-174B-4037-B13F-6DB3A09CB8CC}.Debug|Any CPU.Build.0 = Debug|Any CPU
		{581FBB76-174B-4037-B13F-6DB3A09CB8CC}.Release|Any CPU.ActiveCfg = Release|Any CPU
		{581FBB76-174B-4037-B13F-6DB3A09CB8CC}.Release|Any CPU.Build.0 = Release|Any CPU
	EndGlobalSection
EndGlobal
